
Microsoft Visual Studio Solution File, Format Version 12.00
# Visual Studio Version 16
VisualStudioVersion = 16.0.32802.440
MinimumVisualStudioVersion = 10.0.40219.1
Project("{9A19103F-16F7-4668-BE54-9A1E7A4F7556}") = "Consola", "Consola.csproj", "{ADCC6D88-97F8-4542-8546-97334E035D3C}"
EndProject
Project("{9A19103F-16F7-4668-BE54-9A1E7A4F7556}") = "Entidades", "..\Entidades\Entidades.csproj", "{F4BBD90C-EDAB-4D29-B42D-3DF91BD1CA1A}"
EndProject
Project("{2150E333-8FDC-42A3-9474-1A3956D46DE8}") = "UnoPac", "UnoPac", "{926CC9DD-8466-45FD-81D0-5749A43F5DCE}"
EndProject
Project("{2150E333-8FDC-42A3-9474-1A3956D46DE8}") = "UnoPacGUI", "UnoPacGUI", "{1CFEE777-061D-467C-B100-A28B1B1963E3}"
EndProject
Project("{9A19103F-16F7-4668-BE54-9A1E7A4F7556}") = "InicioForm", "..\InicioForm\InicioForm.csproj", "{F30B1F96-A259-4646-947E-4B8A76C74910}"
EndProject
Global
	GlobalSection(SolutionConfigurationPlatforms) = preSolution
		Debug|Any CPU = Debug|Any CPU
		Release|Any CPU = Release|Any CPU
	EndGlobalSection
	GlobalSection(ProjectConfigurationPlatforms) = postSolution
		{ADCC6D88-97F8-4542-8546-97334E035D3C}.Debug|Any CPU.ActiveCfg = Debug|Any CPU
		{ADCC6D88-97F8-4542-8546-97334E035D3C}.Debug|Any CPU.Build.0 = Debug|Any CPU
		{ADCC6D88-97F8-4542-8546-97334E035D3C}.Release|Any CPU.ActiveCfg = Release|Any CPU
		{ADCC6D88-97F8-4542-8546-97334E035D3C}.Release|Any CPU.Build.0 = Release|Any CPU
		{F4BBD90C-EDAB-4D29-B42D-3DF91BD1CA1A}.Debug|Any CPU.ActiveCfg = Debug|Any CPU
		{F4BBD90C-EDAB-4D29-B42D-3DF91BD1CA1A}.Debug|Any CPU.Build.0 = Debug|Any CPU
		{F4BBD90C-EDAB-4D29-B42D-3DF91BD1CA1A}.Release|Any CPU.ActiveCfg = Release|Any CPU
		{F4BBD90C-EDAB-4D29-B42D-3DF91BD1CA1A}.Release|Any CPU.Build.0 = Release|Any CPU
		{F30B1F96-A259-4646-947E-4B8A76C74910}.Debug|Any CPU.ActiveCfg = Debug|Any CPU
		{F30B1F96-A259-4646-947E-4B8A76C74910}.Debug|Any CPU.Build.0 = Debug|Any CPU
		{F30B1F96-A259-4646-947E-4B8A76C74910}.Release|Any CPU.ActiveCfg = Release|Any CPU
		{F30B1F96-A259-4646-947E-4B8A76C74910}.Release|Any CPU.Build.0 = Release|Any CPU
	EndGlobalSection
	GlobalSection(SolutionProperties) = preSolution
		HideSolutionNode = FALSE
	EndGlobalSection
	GlobalSection(NestedProjects) = preSolution
		{ADCC6D88-97F8-4542-8546-97334E035D3C} = {926CC9DD-8466-45FD-81D0-5749A43F5DCE}
		{F4BBD90C-EDAB-4D29-B42D-3DF91BD1CA1A} = {926CC9DD-8466-45FD-81D0-5749A43F5DCE}
		{F30B1F96-A259-4646-947E-4B8A76C74910} = {1CFEE777-061D-467C-B100-A28B1B1963E3}
	EndGlobalSection
	GlobalSection(ExtensibilityGlobals) = postSolution
		SolutionGuid = {20FB3B81-9925-4F78-9F85-67AC3D3D258D}
	EndGlobalSection
EndGlobal
